
Microsoft Visual Studio Solution File, Format Version 12.00
# Visual Studio Version 17
VisualStudioVersion = 17.0.32112.339
MinimumVisualStudioVersion = 16.0.0.0
Project("{2150E333-8FDC-42A3-9474-1A3956D46DE8}") = "Utils", "Utils", "{683E9CAE-E8CE-4093-9665-58B12F12E6DB}"
EndProject
Project("{2150E333-8FDC-42A3-9474-1A3956D46DE8}") = "Tests", "Tests", "{1921F468-24D6-43B8-8274-2C980DF05237}"
EndProject
Project("{2150E333-8FDC-42A3-9474-1A3956D46DE8}") = "T4", "T4", "{2F470CBA-AD03-4D84-91EA-15B379194155}"
	ProjectSection(SolutionItems) = preProject
		Utils\T4\TemplateFilemanager.CS.ttinclude = Utils\T4\TemplateFilemanager.CS.ttinclude
	EndProjectSection
EndProject
Project("{2150E333-8FDC-42A3-9474-1A3956D46DE8}") = "Docker", "Docker", "{5AA35D14-28CB-4A3E-AAAF-167F02D662F9}"
	ProjectSection(SolutionItems) = preProject
		Utils\Docker\Dockerfile = Utils\Docker\Dockerfile
	EndProjectSection
EndProject
Project("{2150E333-8FDC-42A3-9474-1A3956D46DE8}") = "Client", "Client", "{F0AA78A1-FAFB-4BC1-BD63-919EE850F431}"
EndProject
Project("{9A19103F-16F7-4668-BE54-9A1E7A4F7556}") = "BlazorBoilerplate.Client", "Client\BlazorBoilerplate.Client\BlazorBoilerplate.Client.csproj", "{F6F594A7-7DDB-4335-97A3-99353533C813}"
EndProject
Project("{2150E333-8FDC-42A3-9474-1A3956D46DE8}") = "Server", "Server", "{8EB30FE0-82A8-47E6-80D1-41F347F7048A}"
EndProject
Project("{9A19103F-16F7-4668-BE54-9A1E7A4F7556}") = "BlazorBoilerplate.Server", "Server\BlazorBoilerplate.Server\BlazorBoilerplate.Server.csproj", "{BC324A5F-48C6-45B9-B3A5-0D63F46F5C56}"
EndProject
Project("{9A19103F-16F7-4668-BE54-9A1E7A4F7556}") = "BlazorBoilerplate.Storage", "Server\BlazorBoilerplate.Storage\BlazorBoilerplate.Storage.csproj", "{F4F6F4A4-CD14-4C5F-AAB1-956D83BBDA31}"
EndProject
Project("{2150E333-8FDC-42A3-9474-1A3956D46DE8}") = "Shared", "Shared", "{ABC8E72F-DA04-4370-A612-2E22542D42AA}"
EndProject
Project("{9A19103F-16F7-4668-BE54-9A1E7A4F7556}") = "BlazorBoilerplate.Shared", "Shared\BlazorBoilerplate.Shared\BlazorBoilerplate.Shared.csproj", "{10698665-1D49-400F-B139-A926D924622C}"
EndProject
Project("{2150E333-8FDC-42A3-9474-1A3956D46DE8}") = "Scripts", "Scripts", "{75F4A495-980E-4368-8F70-A5553D58FD45}"
	ProjectSection(SolutionItems) = preProject
		Utils\Scripts\ef-migrations-in-vs.txt = Utils\Scripts\ef-migrations-in-vs.txt
		Utils\Scripts\ef-migrations.cmd = Utils\Scripts\ef-migrations.cmd
	EndProjectSection
EndProject
Project("{E53339B2-1760-4266-BCC7-CA923CBCF16C}") = "docker-compose", "Utils\Docker\docker-compose.dcproj", "{43D0A8C8-FC43-4DE5-BCDE-48EE46ED2511}"
EndProject
Project("{9A19103F-16F7-4668-BE54-9A1E7A4F7556}") = "BlazorBoilerplate.Infrastructure", "Shared\BlazorBoilerplate.Infrastructure\BlazorBoilerplate.Infrastructure.csproj", "{0A468C9B-A47D-4DE0-9756-5F6FB1F20A24}"
EndProject
Project("{2150E333-8FDC-42A3-9474-1A3956D46DE8}") = "Modules", "Modules", "{BE02426C-DCC8-41E6-BFCE-8A03657F53B5}"
EndProject
Project("{9A19103F-16F7-4668-BE54-9A1E7A4F7556}") = "BlazorBoilerplate.GoogleAnalytics", "Shared\Modules\BlazorBoilerplate.GoogleAnalytics\BlazorBoilerplate.GoogleAnalytics.csproj", "{53A14918-C41D-41EC-92CD-F09333AD8E1D}"
EndProject
Project("{9A19103F-16F7-4668-BE54-9A1E7A4F7556}") = "BlazorBoilerplate.Theme.Material", "Shared\Modules\BlazorBoilerplate.Theme.Material\BlazorBoilerplate.Theme.Material.csproj", "{6B35026A-67A8-448C-9429-6447B4793174}"
EndProject
Project("{9A19103F-16F7-4668-BE54-9A1E7A4F7556}") = "BlazorBoilerplate.Theme.Material.Admin", "Shared\Modules\BlazorBoilerplate.Theme.Material.Admin\BlazorBoilerplate.Theme.Material.Admin.csproj", "{1B074939-D9FE-4E2B-8516-EEEF5E002ACE}"
EndProject
Project("{9A19103F-16F7-4668-BE54-9A1E7A4F7556}") = "BlazorBoilerplate.Theme.Material.Demo", "Shared\Modules\BlazorBoilerplate.Theme.Material.Demo\BlazorBoilerplate.Theme.Material.Demo.csproj", "{D759674F-C3EE-4C01-A491-E8A85AFE1C74}"
EndProject
Project("{9A19103F-16F7-4668-BE54-9A1E7A4F7556}") = "BlazorBoilerplate.SourceGenerator", "Utils\BlazorBoilerplate.SourceGenerator\BlazorBoilerplate.SourceGenerator.csproj", "{1C94AFAE-F792-4FF4-AEB8-660D3A811F17}"
EndProject
Project("{9A19103F-16F7-4668-BE54-9A1E7A4F7556}") = "BlazorBoilerplate.Infrastructure.Storage", "Shared\BlazorBoilerplate.Infrastructure.Storage\BlazorBoilerplate.Infrastructure.Storage.csproj", "{237B2579-D341-4A7D-9760-AD1D6B84881E}"
EndProject
Project("{9A19103F-16F7-4668-BE54-9A1E7A4F7556}") = "BlazorBoilerplate.Constants", "Shared\BlazorBoilerplate.Constants\BlazorBoilerplate.Constants.csproj", "{AC29FAA1-4C70-4636-9684-8F81137A1A01}"
EndProject
Project("{9A19103F-16F7-4668-BE54-9A1E7A4F7556}") = "BlazorBoilerplate.Shared.DataInterfaces", "Shared\BlazorBoilerplate.Shared.DataInterfaces\BlazorBoilerplate.Shared.DataInterfaces.csproj", "{2D67021C-4608-464A-9ECA-2EA5CC56D6CA}"
EndProject
Project("{9A19103F-16F7-4668-BE54-9A1E7A4F7556}") = "BlazorBoilerplate.Shared.Localizer", "Shared\BlazorBoilerplate.Shared.Localizer\BlazorBoilerplate.Shared.Localizer.csproj", "{746B25CA-DAEC-4A90-9ED5-357038C675D7}"
EndProject
Project("{9A19103F-16F7-4668-BE54-9A1E7A4F7556}") = "BlazorBoilerplate.Infrastructure.AuthorizationDefinitions", "Shared\BlazorBoilerplate.Infrastructure.AuthorizationDefinitions\BlazorBoilerplate.Infrastructure.AuthorizationDefinitions.csproj", "{1D566D73-A7A1-4EE8-BA33-50D049901FB4}"
EndProject
Project("{9A19103F-16F7-4668-BE54-9A1E7A4F7556}") = "BlazorBoilerplate.UI.Base", "Shared\BlazorBoilerplate.UI.Base\BlazorBoilerplate.UI.Base.csproj", "{C11EB4B2-8D8C-47FB-9E3D-D79428541181}"
EndProject
Project("{9A19103F-16F7-4668-BE54-9A1E7A4F7556}") = "BlazorBoilerplate.Theme.MudBlazor", "Shared\Modules\BlazorBoilerplate.Theme.MudBlazor\BlazorBoilerplate.Theme.MudBlazor.csproj", "{E421767A-8852-4622-859E-CF4159345BE2}"
EndProject
Project("{9A19103F-16F7-4668-BE54-9A1E7A4F7556}") = "BlazorBoilerplate.Theme.MudBlazor.Admin", "Shared\Modules\BlazorBoilerplate.Theme.MudBlazor.Admin\BlazorBoilerplate.Theme.MudBlazor.Admin.csproj", "{E7EF4701-968D-4934-A779-C98D9A194D69}"
EndProject
Project("{9A19103F-16F7-4668-BE54-9A1E7A4F7556}") = "BlazorBoilerplate.Theme.MudBlazor.Demo", "Shared\Modules\BlazorBoilerplate.Theme.MudBlazor.Demo\BlazorBoilerplate.Theme.MudBlazor.Demo.csproj", "{AA995175-2593-4EBB-BE4F-2367A4D65751}"
EndProject
Project("{9A19103F-16F7-4668-BE54-9A1E7A4F7556}") = "BlazorBoilerplate.IdentityServer.Test1", "Tests\BlazorBoilerplate.IdentityServer.Test1\BlazorBoilerplate.IdentityServer.Test1.csproj", "{DC3A4B8C-939D-4AF3-824A-21BF7C2F772A}"
EndProject
Project("{9A19103F-16F7-4668-BE54-9A1E7A4F7556}") = "BlazorBoilerplate.IdentityServer.Test2", "Tests\BlazorBoilerplate.IdentityServer.Test2\BlazorBoilerplate.IdentityServer.Test2.csproj", "{75C35AD4-0C15-4B78-B721-D1881E44FFF9}"
EndProject
Project("{9A19103F-16F7-4668-BE54-9A1E7A4F7556}") = "BlazorBoilerplate.IdentityServer.Test3", "Tests\BlazorBoilerplate.IdentityServer.Test3\BlazorBoilerplate.IdentityServer.Test3.csproj", "{D0618267-62AC-431C-9F7E-E8120194F969}"
EndProject
Project("{2150E333-8FDC-42A3-9474-1A3956D46DE8}") = "Solution Items", "Solution Items", "{BC5BA6FF-C7DA-42BD-85FF-7EC07539D896}"
	ProjectSection(SolutionItems) = preProject
		.editorconfig = .editorconfig
		Directory.Build.props = Directory.Build.props
		..\README.md = ..\README.md
	EndProjectSection
EndProject
Global
	GlobalSection(SolutionConfigurationPlatforms) = preSolution
		Debug|Any CPU = Debug|Any CPU
		Debug|x64 = Debug|x64
		Debug|x86 = Debug|x86
		Release|Any CPU = Release|Any CPU
		Release|x64 = Release|x64
		Release|x86 = Release|x86
	EndGlobalSection
	GlobalSection(ProjectConfigurationPlatforms) = postSolution
		{F6F594A7-7DDB-4335-97A3-99353533C813}.Debug|Any CPU.ActiveCfg = Debug|Any CPU
		{F6F594A7-7DDB-4335-97A3-99353533C813}.Debug|Any CPU.Build.0 = Debug|Any CPU
		{F6F594A7-7DDB-4335-97A3-99353533C813}.Debug|x64.ActiveCfg = Debug|Any CPU
		{F6F594A7-7DDB-4335-97A3-99353533C813}.Debug|x64.Build.0 = Debug|Any CPU
		{F6F594A7-7DDB-4335-97A3-99353533C813}.Debug|x86.ActiveCfg = Debug|Any CPU
		{F6F594A7-7DDB-4335-97A3-99353533C813}.Debug|x86.Build.0 = Debug|Any CPU
		{F6F594A7-7DDB-4335-97A3-99353533C813}.Release|Any CPU.ActiveCfg = Release|Any CPU
		{F6F594A7-7DDB-4335-97A3-99353533C813}.Release|Any CPU.Build.0 = Release|Any CPU
		{F6F594A7-7DDB-4335-97A3-99353533C813}.Release|x64.ActiveCfg = Release|Any CPU
		{F6F594A7-7DDB-4335-97A3-99353533C813}.Release|x64.Build.0 = Release|Any CPU
		{F6F594A7-7DDB-4335-97A3-99353533C813}.Release|x86.ActiveCfg = Release|Any CPU
		{F6F594A7-7DDB-4335-97A3-99353533C813}.Release|x86.Build.0 = Release|Any CPU
		{BC324A5F-48C6-45B9-B3A5-0D63F46F5C56}.Debug|Any CPU.ActiveCfg = Debug|Any CPU
		{BC324A5F-48C6-45B9-B3A5-0D63F46F5C56}.Debug|Any CPU.Build.0 = Debug|Any CPU
		{BC324A5F-48C6-45B9-B3A5-0D63F46F5C56}.Debug|x64.ActiveCfg = Debug|Any CPU
		{BC324A5F-48C6-45B9-B3A5-0D63F46F5C56}.Debug|x64.Build.0 = Debug|Any CPU
		{BC324A5F-48C6-45B9-B3A5-0D63F46F5C56}.Debug|x86.ActiveCfg = Debug|Any CPU
		{BC324A5F-48C6-45B9-B3A5-0D63F46F5C56}.Debug|x86.Build.0 = Debug|Any CPU
		{BC324A5F-48C6-45B9-B3A5-0D63F46F5C56}.Release|Any CPU.ActiveCfg = Release|Any CPU
		{BC324A5F-48C6-45B9-B3A5-0D63F46F5C56}.Release|Any CPU.Build.0 = Release|Any CPU
		{BC324A5F-48C6-45B9-B3A5-0D63F46F5C56}.Release|x64.ActiveCfg = Release|Any CPU
		{BC324A5F-48C6-45B9-B3A5-0D63F46F5C56}.Release|x64.Build.0 = Release|Any CPU
		{BC324A5F-48C6-45B9-B3A5-0D63F46F5C56}.Release|x86.ActiveCfg = Release|Any CPU
		{BC324A5F-48C6-45B9-B3A5-0D63F46F5C56}.Release|x86.Build.0 = Release|Any CPU
		{F4F6F4A4-CD14-4C5F-AAB1-956D83BBDA31}.Debug|Any CPU.ActiveCfg = Debug|Any CPU
		{F4F6F4A4-CD14-4C5F-AAB1-956D83BBDA31}.Debug|Any CPU.Build.0 = Debug|Any CPU
		{F4F6F4A4-CD14-4C5F-AAB1-956D83BBDA31}.Debug|x64.ActiveCfg = Debug|Any CPU
		{F4F6F4A4-CD14-4C5F-AAB1-956D83BBDA31}.Debug|x64.Build.0 = Debug|Any CPU
		{F4F6F4A4-CD14-4C5F-AAB1-956D83BBDA31}.Debug|x86.ActiveCfg = Debug|Any CPU
		{F4F6F4A4-CD14-4C5F-AAB1-956D83BBDA31}.Debug|x86.Build.0 = Debug|Any CPU
		{F4F6F4A4-CD14-4C5F-AAB1-956D83BBDA31}.Release|Any CPU.ActiveCfg = Release|Any CPU
		{F4F6F4A4-CD14-4C5F-AAB1-956D83BBDA31}.Release|Any CPU.Build.0 = Release|Any CPU
		{F4F6F4A4-CD14-4C5F-AAB1-956D83BBDA31}.Release|x64.ActiveCfg = Release|Any CPU
		{F4F6F4A4-CD14-4C5F-AAB1-956D83BBDA31}.Release|x64.Build.0 = Release|Any CPU
		{F4F6F4A4-CD14-4C5F-AAB1-956D83BBDA31}.Release|x86.ActiveCfg = Release|Any CPU
		{F4F6F4A4-CD14-4C5F-AAB1-956D83BBDA31}.Release|x86.Build.0 = Release|Any CPU
		{10698665-1D49-400F-B139-A926D924622C}.Debug|Any CPU.ActiveCfg = Debug|Any CPU
		{10698665-1D49-400F-B139-A926D924622C}.Debug|Any CPU.Build.0 = Debug|Any CPU
		{10698665-1D49-400F-B139-A926D924622C}.Debug|x64.ActiveCfg = Debug|Any CPU
		{10698665-1D49-400F-B139-A926D924622C}.Debug|x64.Build.0 = Debug|Any CPU
		{10698665-1D49-400F-B139-A926D924622C}.Debug|x86.ActiveCfg = Debug|Any CPU
		{10698665-1D49-400F-B139-A926D924622C}.Debug|x86.Build.0 = Debug|Any CPU
		{10698665-1D49-400F-B139-A926D924622C}.Release|Any CPU.ActiveCfg = Release|Any CPU
		{10698665-1D49-400F-B139-A926D924622C}.Release|Any CPU.Build.0 = Release|Any CPU
		{10698665-1D49-400F-B139-A926D924622C}.Release|x64.ActiveCfg = Release|Any CPU
		{10698665-1D49-400F-B139-A926D924622C}.Release|x64.Build.0 = Release|Any CPU
		{10698665-1D49-400F-B139-A926D924622C}.Release|x86.ActiveCfg = Release|Any CPU
		{10698665-1D49-400F-B139-A926D924622C}.Release|x86.Build.0 = Release|Any CPU
		{43D0A8C8-FC43-4DE5-BCDE-48EE46ED2511}.Debug|Any CPU.ActiveCfg = Debug|Any CPU
		{43D0A8C8-FC43-4DE5-BCDE-48EE46ED2511}.Debug|x64.ActiveCfg = Debug|Any CPU
		{43D0A8C8-FC43-4DE5-BCDE-48EE46ED2511}.Debug|x64.Build.0 = Debug|Any CPU
		{43D0A8C8-FC43-4DE5-BCDE-48EE46ED2511}.Debug|x86.ActiveCfg = Debug|Any CPU
		{43D0A8C8-FC43-4DE5-BCDE-48EE46ED2511}.Debug|x86.Build.0 = Debug|Any CPU
		{43D0A8C8-FC43-4DE5-BCDE-48EE46ED2511}.Release|Any CPU.ActiveCfg = Release|Any CPU
		{43D0A8C8-FC43-4DE5-BCDE-48EE46ED2511}.Release|Any CPU.Build.0 = Release|Any CPU
		{43D0A8C8-FC43-4DE5-BCDE-48EE46ED2511}.Release|x64.ActiveCfg = Release|Any CPU
		{43D0A8C8-FC43-4DE5-BCDE-48EE46ED2511}.Release|x64.Build.0 = Release|Any CPU
		{43D0A8C8-FC43-4DE5-BCDE-48EE46ED2511}.Release|x86.ActiveCfg = Release|Any CPU
		{43D0A8C8-FC43-4DE5-BCDE-48EE46ED2511}.Release|x86.Build.0 = Release|Any CPU
		{0A468C9B-A47D-4DE0-9756-5F6FB1F20A24}.Debug|Any CPU.ActiveCfg = Debug|Any CPU
		{0A468C9B-A47D-4DE0-9756-5F6FB1F20A24}.Debug|Any CPU.Build.0 = Debug|Any CPU
		{0A468C9B-A47D-4DE0-9756-5F6FB1F20A24}.Debug|x64.ActiveCfg = Debug|Any CPU
		{0A468C9B-A47D-4DE0-9756-5F6FB1F20A24}.Debug|x64.Build.0 = Debug|Any CPU
		{0A468C9B-A47D-4DE0-9756-5F6FB1F20A24}.Debug|x86.ActiveCfg = Debug|Any CPU
		{0A468C9B-A47D-4DE0-9756-5F6FB1F20A24}.Debug|x86.Build.0 = Debug|Any CPU
		{0A468C9B-A47D-4DE0-9756-5F6FB1F20A24}.Release|Any CPU.ActiveCfg = Release|Any CPU
		{0A468C9B-A47D-4DE0-9756-5F6FB1F20A24}.Release|Any CPU.Build.0 = Release|Any CPU
		{0A468C9B-A47D-4DE0-9756-5F6FB1F20A24}.Release|x64.ActiveCfg = Release|Any CPU
		{0A468C9B-A47D-4DE0-9756-5F6FB1F20A24}.Release|x64.Build.0 = Release|Any CPU
		{0A468C9B-A47D-4DE0-9756-5F6FB1F20A24}.Release|x86.ActiveCfg = Release|Any CPU
		{0A468C9B-A47D-4DE0-9756-5F6FB1F20A24}.Release|x86.Build.0 = Release|Any CPU
		{53A14918-C41D-41EC-92CD-F09333AD8E1D}.Debug|Any CPU.ActiveCfg = Debug|Any CPU
		{53A14918-C41D-41EC-92CD-F09333AD8E1D}.Debug|Any CPU.Build.0 = Debug|Any CPU
		{53A14918-C41D-41EC-92CD-F09333AD8E1D}.Debug|x64.ActiveCfg = Debug|Any CPU
		{53A14918-C41D-41EC-92CD-F09333AD8E1D}.Debug|x64.Build.0 = Debug|Any CPU
		{53A14918-C41D-41EC-92CD-F09333AD8E1D}.Debug|x86.ActiveCfg = Debug|Any CPU
		{53A14918-C41D-41EC-92CD-F09333AD8E1D}.Debug|x86.Build.0 = Debug|Any CPU
		{53A14918-C41D-41EC-92CD-F09333AD8E1D}.Release|Any CPU.ActiveCfg = Release|Any CPU
		{53A14918-C41D-41EC-92CD-F09333AD8E1D}.Release|Any CPU.Build.0 = Release|Any CPU
		{53A14918-C41D-41EC-92CD-F09333AD8E1D}.Release|x64.ActiveCfg = Release|Any CPU
		{53A14918-C41D-41EC-92CD-F09333AD8E1D}.Release|x64.Build.0 = Release|Any CPU
		{53A14918-C41D-41EC-92CD-F09333AD8E1D}.Release|x86.ActiveCfg = Release|Any CPU
		{53A14918-C41D-41EC-92CD-F09333AD8E1D}.Release|x86.Build.0 = Release|Any CPU
		{6B35026A-67A8-448C-9429-6447B4793174}.Debug|Any CPU.ActiveCfg = Debug|Any CPU
		{6B35026A-67A8-448C-9429-6447B4793174}.Debug|Any CPU.Build.0 = Debug|Any CPU
		{6B35026A-67A8-448C-9429-6447B4793174}.Debug|x64.ActiveCfg = Debug|Any CPU
		{6B35026A-67A8-448C-9429-6447B4793174}.Debug|x64.Build.0 = Debug|Any CPU
		{6B35026A-67A8-448C-9429-6447B4793174}.Debug|x86.ActiveCfg = Debug|Any CPU
		{6B35026A-67A8-448C-9429-6447B4793174}.Debug|x86.Build.0 = Debug|Any CPU
		{6B35026A-67A8-448C-9429-6447B4793174}.Release|Any CPU.ActiveCfg = Release|Any CPU
		{6B35026A-67A8-448C-9429-6447B4793174}.Release|Any CPU.Build.0 = Release|Any CPU
		{6B35026A-67A8-448C-9429-6447B4793174}.Release|x64.ActiveCfg = Release|Any CPU
		{6B35026A-67A8-448C-9429-6447B4793174}.Release|x64.Build.0 = Release|Any CPU
		{6B35026A-67A8-448C-9429-6447B4793174}.Release|x86.ActiveCfg = Release|Any CPU
		{6B35026A-67A8-448C-9429-6447B4793174}.Release|x86.Build.0 = Release|Any CPU
		{1B074939-D9FE-4E2B-8516-EEEF5E002ACE}.Debug|Any CPU.ActiveCfg = Debug|Any CPU
		{1B074939-D9FE-4E2B-8516-EEEF5E002ACE}.Debug|Any CPU.Build.0 = Debug|Any CPU
		{1B074939-D9FE-4E2B-8516-EEEF5E002ACE}.Debug|x64.ActiveCfg = Debug|Any CPU
		{1B074939-D9FE-4E2B-8516-EEEF5E002ACE}.Debug|x64.Build.0 = Debug|Any CPU
		{1B074939-D9FE-4E2B-8516-EEEF5E002ACE}.Debug|x86.ActiveCfg = Debug|Any CPU
		{1B074939-D9FE-4E2B-8516-EEEF5E002ACE}.Debug|x86.Build.0 = Debug|Any CPU
		{1B074939-D9FE-4E2B-8516-EEEF5E002ACE}.Release|Any CPU.ActiveCfg = Release|Any CPU
		{1B074939-D9FE-4E2B-8516-EEEF5E002ACE}.Release|Any CPU.Build.0 = Release|Any CPU
		{1B074939-D9FE-4E2B-8516-EEEF5E002ACE}.Release|x64.ActiveCfg = Release|Any CPU
		{1B074939-D9FE-4E2B-8516-EEEF5E002ACE}.Release|x64.Build.0 = Release|Any CPU
		{1B074939-D9FE-4E2B-8516-EEEF5E002ACE}.Release|x86.ActiveCfg = Release|Any CPU
		{1B074939-D9FE-4E2B-8516-EEEF5E002ACE}.Release|x86.Build.0 = Release|Any CPU
		{D759674F-C3EE-4C01-A491-E8A85AFE1C74}.Debug|Any CPU.ActiveCfg = Debug|Any CPU
		{D759674F-C3EE-4C01-A491-E8A85AFE1C74}.Debug|Any CPU.Build.0 = Debug|Any CPU
		{D759674F-C3EE-4C01-A491-E8A85AFE1C74}.Debug|x64.ActiveCfg = Debug|Any CPU
		{D759674F-C3EE-4C01-A491-E8A85AFE1C74}.Debug|x64.Build.0 = Debug|Any CPU
		{D759674F-C3EE-4C01-A491-E8A85AFE1C74}.Debug|x86.ActiveCfg = Debug|Any CPU
		{D759674F-C3EE-4C01-A491-E8A85AFE1C74}.Debug|x86.Build.0 = Debug|Any CPU
		{D759674F-C3EE-4C01-A491-E8A85AFE1C74}.Release|Any CPU.ActiveCfg = Release|Any CPU
		{D759674F-C3EE-4C01-A491-E8A85AFE1C74}.Release|Any CPU.Build.0 = Release|Any CPU
		{D759674F-C3EE-4C01-A491-E8A85AFE1C74}.Release|x64.ActiveCfg = Release|Any CPU
		{D759674F-C3EE-4C01-A491-E8A85AFE1C74}.Release|x64.Build.0 = Release|Any CPU
		{D759674F-C3EE-4C01-A491-E8A85AFE1C74}.Release|x86.ActiveCfg = Release|Any CPU
		{D759674F-C3EE-4C01-A491-E8A85AFE1C74}.Release|x86.Build.0 = Release|Any CPU
		{1C94AFAE-F792-4FF4-AEB8-660D3A811F17}.Debug|Any CPU.ActiveCfg = Debug|Any CPU
		{1C94AFAE-F792-4FF4-AEB8-660D3A811F17}.Debug|Any CPU.Build.0 = Debug|Any CPU
		{1C94AFAE-F792-4FF4-AEB8-660D3A811F17}.Debug|x64.ActiveCfg = Debug|Any CPU
		{1C94AFAE-F792-4FF4-AEB8-660D3A811F17}.Debug|x64.Build.0 = Debug|Any CPU
		{1C94AFAE-F792-4FF4-AEB8-660D3A811F17}.Debug|x86.ActiveCfg = Debug|Any CPU
		{1C94AFAE-F792-4FF4-AEB8-660D3A811F17}.Debug|x86.Build.0 = Debug|Any CPU
		{1C94AFAE-F792-4FF4-AEB8-660D3A811F17}.Release|Any CPU.ActiveCfg = Release|Any CPU
		{1C94AFAE-F792-4FF4-AEB8-660D3A811F17}.Release|Any CPU.Build.0 = Release|Any CPU
		{1C94AFAE-F792-4FF4-AEB8-660D3A811F17}.Release|x64.ActiveCfg = Release|Any CPU
		{1C94AFAE-F792-4FF4-AEB8-660D3A811F17}.Release|x64.Build.0 = Release|Any CPU
		{1C94AFAE-F792-4FF4-AEB8-660D3A811F17}.Release|x86.ActiveCfg = Release|Any CPU
		{1C94AFAE-F792-4FF4-AEB8-660D3A811F17}.Release|x86.Build.0 = Release|Any CPU
		{237B2579-D341-4A7D-9760-AD1D6B84881E}.Debug|Any CPU.ActiveCfg = Debug|Any CPU
		{237B2579-D341-4A7D-9760-AD1D6B84881E}.Debug|Any CPU.Build.0 = Debug|Any CPU
		{237B2579-D341-4A7D-9760-AD1D6B84881E}.Debug|x64.ActiveCfg = Debug|Any CPU
		{237B2579-D341-4A7D-9760-AD1D6B84881E}.Debug|x64.Build.0 = Debug|Any CPU
		{237B2579-D341-4A7D-9760-AD1D6B84881E}.Debug|x86.ActiveCfg = Debug|Any CPU
		{237B2579-D341-4A7D-9760-AD1D6B84881E}.Debug|x86.Build.0 = Debug|Any CPU
		{237B2579-D341-4A7D-9760-AD1D6B84881E}.Release|Any CPU.ActiveCfg = Release|Any CPU
		{237B2579-D341-4A7D-9760-AD1D6B84881E}.Release|Any CPU.Build.0 = Release|Any CPU
		{237B2579-D341-4A7D-9760-AD1D6B84881E}.Release|x64.ActiveCfg = Release|Any CPU
		{237B2579-D341-4A7D-9760-AD1D6B84881E}.Release|x64.Build.0 = Release|Any CPU
		{237B2579-D341-4A7D-9760-AD1D6B84881E}.Release|x86.ActiveCfg = Release|Any CPU
		{237B2579-D341-4A7D-9760-AD1D6B84881E}.Release|x86.Build.0 = Release|Any CPU
		{AC29FAA1-4C70-4636-9684-8F81137A1A01}.Debug|Any CPU.ActiveCfg = Debug|Any CPU
		{AC29FAA1-4C70-4636-9684-8F81137A1A01}.Debug|Any CPU.Build.0 = Debug|Any CPU
		{AC29FAA1-4C70-4636-9684-8F81137A1A01}.Debug|x64.ActiveCfg = Debug|Any CPU
		{AC29FAA1-4C70-4636-9684-8F81137A1A01}.Debug|x64.Build.0 = Debug|Any CPU
		{AC29FAA1-4C70-4636-9684-8F81137A1A01}.Debug|x86.ActiveCfg = Debug|Any CPU
		{AC29FAA1-4C70-4636-9684-8F81137A1A01}.Debug|x86.Build.0 = Debug|Any CPU
		{AC29FAA1-4C70-4636-9684-8F81137A1A01}.Release|Any CPU.ActiveCfg = Release|Any CPU
		{AC29FAA1-4C70-4636-9684-8F81137A1A01}.Release|Any CPU.Build.0 = Release|Any CPU
		{AC29FAA1-4C70-4636-9684-8F81137A1A01}.Release|x64.ActiveCfg = Release|Any CPU
		{AC29FAA1-4C70-4636-9684-8F81137A1A01}.Release|x64.Build.0 = Release|Any CPU
		{AC29FAA1-4C70-4636-9684-8F81137A1A01}.Release|x86.ActiveCfg = Release|Any CPU
		{AC29FAA1-4C70-4636-9684-8F81137A1A01}.Release|x86.Build.0 = Release|Any CPU
		{2D67021C-4608-464A-9ECA-2EA5CC56D6CA}.Debug|Any CPU.ActiveCfg = Debug|Any CPU
		{2D67021C-4608-464A-9ECA-2EA5CC56D6CA}.Debug|Any CPU.Build.0 = Debug|Any CPU
		{2D67021C-4608-464A-9ECA-2EA5CC56D6CA}.Debug|x64.ActiveCfg = Debug|Any CPU
		{2D67021C-4608-464A-9ECA-2EA5CC56D6CA}.Debug|x64.Build.0 = Debug|Any CPU
		{2D67021C-4608-464A-9ECA-2EA5CC56D6CA}.Debug|x86.ActiveCfg = Debug|Any CPU
		{2D67021C-4608-464A-9ECA-2EA5CC56D6CA}.Debug|x86.Build.0 = Debug|Any CPU
		{2D67021C-4608-464A-9ECA-2EA5CC56D6CA}.Release|Any CPU.ActiveCfg = Release|Any CPU
		{2D67021C-4608-464A-9ECA-2EA5CC56D6CA}.Release|Any CPU.Build.0 = Release|Any CPU
		{2D67021C-4608-464A-9ECA-2EA5CC56D6CA}.Release|x64.ActiveCfg = Release|Any CPU
		{2D67021C-4608-464A-9ECA-2EA5CC56D6CA}.Release|x64.Build.0 = Release|Any CPU
		{2D67021C-4608-464A-9ECA-2EA5CC56D6CA}.Release|x86.ActiveCfg = Release|Any CPU
		{2D67021C-4608-464A-9ECA-2EA5CC56D6CA}.Release|x86.Build.0 = Release|Any CPU
		{746B25CA-DAEC-4A90-9ED5-357038C675D7}.Debug|Any CPU.ActiveCfg = Debug|Any CPU
		{746B25CA-DAEC-4A90-9ED5-357038C675D7}.Debug|Any CPU.Build.0 = Debug|Any CPU
		{746B25CA-DAEC-4A90-9ED5-357038C675D7}.Debug|x64.ActiveCfg = Debug|Any CPU
		{746B25CA-DAEC-4A90-9ED5-357038C675D7}.Debug|x64.Build.0 = Debug|Any CPU
		{746B25CA-DAEC-4A90-9ED5-357038C675D7}.Debug|x86.ActiveCfg = Debug|Any CPU
		{746B25CA-DAEC-4A90-9ED5-357038C675D7}.Debug|x86.Build.0 = Debug|Any CPU
		{746B25CA-DAEC-4A90-9ED5-357038C675D7}.Release|Any CPU.ActiveCfg = Release|Any CPU
		{746B25CA-DAEC-4A90-9ED5-357038C675D7}.Release|Any CPU.Build.0 = Release|Any CPU
		{746B25CA-DAEC-4A90-9ED5-357038C675D7}.Release|x64.ActiveCfg = Release|Any CPU
		{746B25CA-DAEC-4A90-9ED5-357038C675D7}.Release|x64.Build.0 = Release|Any CPU
		{746B25CA-DAEC-4A90-9ED5-357038C675D7}.Release|x86.ActiveCfg = Release|Any CPU
		{746B25CA-DAEC-4A90-9ED5-357038C675D7}.Release|x86.Build.0 = Release|Any CPU
		{1D566D73-A7A1-4EE8-BA33-50D049901FB4}.Debug|Any CPU.ActiveCfg = Debug|Any CPU
		{1D566D73-A7A1-4EE8-BA33-50D049901FB4}.Debug|Any CPU.Build.0 = Debug|Any CPU
		{1D566D73-A7A1-4EE8-BA33-50D049901FB4}.Debug|x64.ActiveCfg = Debug|Any CPU
		{1D566D73-A7A1-4EE8-BA33-50D049901FB4}.Debug|x64.Build.0 = Debug|Any CPU
		{1D566D73-A7A1-4EE8-BA33-50D049901FB4}.Debug|x86.ActiveCfg = Debug|Any CPU
		{1D566D73-A7A1-4EE8-BA33-50D049901FB4}.Debug|x86.Build.0 = Debug|Any CPU
		{1D566D73-A7A1-4EE8-BA33-50D049901FB4}.Release|Any CPU.ActiveCfg = Release|Any CPU
		{1D566D73-A7A1-4EE8-BA33-50D049901FB4}.Release|Any CPU.Build.0 = Release|Any CPU
		{1D566D73-A7A1-4EE8-BA33-50D049901FB4}.Release|x64.ActiveCfg = Release|Any CPU
		{1D566D73-A7A1-4EE8-BA33-50D049901FB4}.Release|x64.Build.0 = Release|Any CPU
		{1D566D73-A7A1-4EE8-BA33-50D049901FB4}.Release|x86.ActiveCfg = Release|Any CPU
		{1D566D73-A7A1-4EE8-BA33-50D049901FB4}.Release|x86.Build.0 = Release|Any CPU
		{C11EB4B2-8D8C-47FB-9E3D-D79428541181}.Debug|Any CPU.ActiveCfg = Debug|Any CPU
		{C11EB4B2-8D8C-47FB-9E3D-D79428541181}.Debug|Any CPU.Build.0 = Debug|Any CPU
		{C11EB4B2-8D8C-47FB-9E3D-D79428541181}.Debug|x64.ActiveCfg = Debug|Any CPU
		{C11EB4B2-8D8C-47FB-9E3D-D79428541181}.Debug|x64.Build.0 = Debug|Any CPU
		{C11EB4B2-8D8C-47FB-9E3D-D79428541181}.Debug|x86.ActiveCfg = Debug|Any CPU
		{C11EB4B2-8D8C-47FB-9E3D-D79428541181}.Debug|x86.Build.0 = Debug|Any CPU
		{C11EB4B2-8D8C-47FB-9E3D-D79428541181}.Release|Any CPU.ActiveCfg = Release|Any CPU
		{C11EB4B2-8D8C-47FB-9E3D-D79428541181}.Release|Any CPU.Build.0 = Release|Any CPU
		{C11EB4B2-8D8C-47FB-9E3D-D79428541181}.Release|x64.ActiveCfg = Release|Any CPU
		{C11EB4B2-8D8C-47FB-9E3D-D79428541181}.Release|x64.Build.0 = Release|Any CPU
		{C11EB4B2-8D8C-47FB-9E3D-D79428541181}.Release|x86.ActiveCfg = Release|Any CPU
		{C11EB4B2-8D8C-47FB-9E3D-D79428541181}.Release|x86.Build.0 = Release|Any CPU
		{E421767A-8852-4622-859E-CF4159345BE2}.Debug|Any CPU.ActiveCfg = Debug|Any CPU
		{E421767A-8852-4622-859E-CF4159345BE2}.Debug|Any CPU.Build.0 = Debug|Any CPU
		{E421767A-8852-4622-859E-CF4159345BE2}.Debug|x64.ActiveCfg = Debug|Any CPU
		{E421767A-8852-4622-859E-CF4159345BE2}.Debug|x64.Build.0 = Debug|Any CPU
		{E421767A-8852-4622-859E-CF4159345BE2}.Debug|x86.ActiveCfg = Debug|Any CPU
		{E421767A-8852-4622-859E-CF4159345BE2}.Debug|x86.Build.0 = Debug|Any CPU
		{E421767A-8852-4622-859E-CF4159345BE2}.Release|Any CPU.ActiveCfg = Release|Any CPU
		{E421767A-8852-4622-859E-CF4159345BE2}.Release|Any CPU.Build.0 = Release|Any CPU
		{E421767A-8852-4622-859E-CF4159345BE2}.Release|x64.ActiveCfg = Release|Any CPU
		{E421767A-8852-4622-859E-CF4159345BE2}.Release|x64.Build.0 = Release|Any CPU
		{E421767A-8852-4622-859E-CF4159345BE2}.Release|x86.ActiveCfg = Release|Any CPU
		{E421767A-8852-4622-859E-CF4159345BE2}.Release|x86.Build.0 = Release|Any CPU
		{E7EF4701-968D-4934-A779-C98D9A194D69}.Debug|Any CPU.ActiveCfg = Debug|Any CPU
		{E7EF4701-968D-4934-A779-C98D9A194D69}.Debug|Any CPU.Build.0 = Debug|Any CPU
		{E7EF4701-968D-4934-A779-C98D9A194D69}.Debug|x64.ActiveCfg = Debug|Any CPU
		{E7EF4701-968D-4934-A779-C98D9A194D69}.Debug|x64.Build.0 = Debug|Any CPU
		{E7EF4701-968D-4934-A779-C98D9A194D69}.Debug|x86.ActiveCfg = Debug|Any CPU
		{E7EF4701-968D-4934-A779-C98D9A194D69}.Debug|x86.Build.0 = Debug|Any CPU
		{E7EF4701-968D-4934-A779-C98D9A194D69}.Release|Any CPU.ActiveCfg = Release|Any CPU
		{E7EF4701-968D-4934-A779-C98D9A194D69}.Release|Any CPU.Build.0 = Release|Any CPU
		{E7EF4701-968D-4934-A779-C98D9A194D69}.Release|x64.ActiveCfg = Release|Any CPU
		{E7EF4701-968D-4934-A779-C98D9A194D69}.Release|x64.Build.0 = Release|Any CPU
		{E7EF4701-968D-4934-A779-C98D9A194D69}.Release|x86.ActiveCfg = Release|Any CPU
		{E7EF4701-968D-4934-A779-C98D9A194D69}.Release|x86.Build.0 = Release|Any CPU
		{AA995175-2593-4EBB-BE4F-2367A4D65751}.Debug|Any CPU.ActiveCfg = Debug|Any CPU
		{AA995175-2593-4EBB-BE4F-2367A4D65751}.Debug|Any CPU.Build.0 = Debug|Any CPU
		{AA995175-2593-4EBB-BE4F-2367A4D65751}.Debug|x64.ActiveCfg = Debug|Any CPU
		{AA995175-2593-4EBB-BE4F-2367A4D65751}.Debug|x64.Build.0 = Debug|Any CPU
		{AA995175-2593-4EBB-BE4F-2367A4D65751}.Debug|x86.ActiveCfg = Debug|Any CPU
		{AA995175-2593-4EBB-BE4F-2367A4D65751}.Debug|x86.Build.0 = Debug|Any CPU
		{AA995175-2593-4EBB-BE4F-2367A4D65751}.Release|Any CPU.ActiveCfg = Release|Any CPU
		{AA995175-2593-4EBB-BE4F-2367A4D65751}.Release|Any CPU.Build.0 = Release|Any CPU
		{AA995175-2593-4EBB-BE4F-2367A4D65751}.Release|x64.ActiveCfg = Release|Any CPU
		{AA995175-2593-4EBB-BE4F-2367A4D65751}.Release|x64.Build.0 = Release|Any CPU
		{AA995175-2593-4EBB-BE4F-2367A4D65751}.Release|x86.ActiveCfg = Release|Any CPU
		{AA995175-2593-4EBB-BE4F-2367A4D65751}.Release|x86.Build.0 = Release|Any CPU
		{DC3A4B8C-939D-4AF3-824A-21BF7C2F772A}.Debug|Any CPU.ActiveCfg = Debug|Any CPU
		{DC3A4B8C-939D-4AF3-824A-21BF7C2F772A}.Debug|Any CPU.Build.0 = Debug|Any CPU
		{DC3A4B8C-939D-4AF3-824A-21BF7C2F772A}.Debug|x64.ActiveCfg = Debug|Any CPU
		{DC3A4B8C-939D-4AF3-824A-21BF7C2F772A}.Debug|x64.Build.0 = Debug|Any CPU
		{DC3A4B8C-939D-4AF3-824A-21BF7C2F772A}.Debug|x86.ActiveCfg = Debug|Any CPU
		{DC3A4B8C-939D-4AF3-824A-21BF7C2F772A}.Debug|x86.Build.0 = Debug|Any CPU
		{DC3A4B8C-939D-4AF3-824A-21BF7C2F772A}.Release|Any CPU.ActiveCfg = Release|Any CPU
		{DC3A4B8C-939D-4AF3-824A-21BF7C2F772A}.Release|Any CPU.Build.0 = Release|Any CPU
		{DC3A4B8C-939D-4AF3-824A-21BF7C2F772A}.Release|x64.ActiveCfg = Release|Any CPU
		{DC3A4B8C-939D-4AF3-824A-21BF7C2F772A}.Release|x64.Build.0 = Release|Any CPU
		{DC3A4B8C-939D-4AF3-824A-21BF7C2F772A}.Release|x86.ActiveCfg = Release|Any CPU
		{DC3A4B8C-939D-4AF3-824A-21BF7C2F772A}.Release|x86.Build.0 = Release|Any CPU
		{75C35AD4-0C15-4B78-B721-D1881E44FFF9}.Debug|Any CPU.ActiveCfg = Debug|Any CPU
		{75C35AD4-0C15-4B78-B721-D1881E44FFF9}.Debug|Any CPU.Build.0 = Debug|Any CPU
		{75C35AD4-0C15-4B78-B721-D1881E44FFF9}.Debug|x64.ActiveCfg = Debug|Any CPU
		{75C35AD4-0C15-4B78-B721-D1881E44FFF9}.Debug|x64.Build.0 = Debug|Any CPU
		{75C35AD4-0C15-4B78-B721-D1881E44FFF9}.Debug|x86.ActiveCfg = Debug|Any CPU
		{75C35AD4-0C15-4B78-B721-D1881E44FFF9}.Debug|x86.Build.0 = Debug|Any CPU
		{75C35AD4-0C15-4B78-B721-D1881E44FFF9}.Release|Any CPU.ActiveCfg = Release|Any CPU
		{75C35AD4-0C15-4B78-B721-D1881E44FFF9}.Release|Any CPU.Build.0 = Release|Any CPU
		{75C35AD4-0C15-4B78-B721-D1881E44FFF9}.Release|x64.ActiveCfg = Release|Any CPU
		{75C35AD4-0C15-4B78-B721-D1881E44FFF9}.Release|x64.Build.0 = Release|Any CPU
		{75C35AD4-0C15-4B78-B721-D1881E44FFF9}.Release|x86.ActiveCfg = Release|Any CPU
		{75C35AD4-0C15-4B78-B721-D1881E44FFF9}.Release|x86.Build.0 = Release|Any CPU
		{D0618267-62AC-431C-9F7E-E8120194F969}.Debug|Any CPU.ActiveCfg = Debug|Any CPU
		{D0618267-62AC-431C-9F7E-E8120194F969}.Debug|Any CPU.Build.0 = Debug|Any CPU
		{D0618267-62AC-431C-9F7E-E8120194F969}.Debug|x64.ActiveCfg = Debug|Any CPU
		{D0618267-62AC-431C-9F7E-E8120194F969}.Debug|x64.Build.0 = Debug|Any CPU
		{D0618267-62AC-431C-9F7E-E8120194F969}.Debug|x86.ActiveCfg = Debug|Any CPU
		{D0618267-62AC-431C-9F7E-E8120194F969}.Debug|x86.Build.0 = Debug|Any CPU
		{D0618267-62AC-431C-9F7E-E8120194F969}.Release|Any CPU.ActiveCfg = Release|Any CPU
		{D0618267-62AC-431C-9F7E-E8120194F969}.Release|Any CPU.Build.0 = Release|Any CPU
		{D0618267-62AC-431C-9F7E-E8120194F969}.Release|x64.ActiveCfg = Release|Any CPU
		{D0618267-62AC-431C-9F7E-E8120194F969}.Release|x64.Build.0 = Release|Any CPU
		{D0618267-62AC-431C-9F7E-E8120194F969}.Release|x86.ActiveCfg = Release|Any CPU
		{D0618267-62AC-431C-9F7E-E8120194F969}.Release|x86.Build.0 = Release|Any CPU
	EndGlobalSection
	GlobalSection(SolutionProperties) = preSolution
		HideSolutionNode = FALSE
	EndGlobalSection
	GlobalSection(NestedProjects) = preSolution
		{2F470CBA-AD03-4D84-91EA-15B379194155} = {683E9CAE-E8CE-4093-9665-58B12F12E6DB}
		{5AA35D14-28CB-4A3E-AAAF-167F02D662F9} = {683E9CAE-E8CE-4093-9665-58B12F12E6DB}
		{F6F594A7-7DDB-4335-97A3-99353533C813} = {F0AA78A1-FAFB-4BC1-BD63-919EE850F431}
		{BC324A5F-48C6-45B9-B3A5-0D63F46F5C56} = {8EB30FE0-82A8-47E6-80D1-41F347F7048A}
		{F4F6F4A4-CD14-4C5F-AAB1-956D83BBDA31} = {8EB30FE0-82A8-47E6-80D1-41F347F7048A}
		{10698665-1D49-400F-B139-A926D924622C} = {ABC8E72F-DA04-4370-A612-2E22542D42AA}
		{75F4A495-980E-4368-8F70-A5553D58FD45} = {683E9CAE-E8CE-4093-9665-58B12F12E6DB}
		{43D0A8C8-FC43-4DE5-BCDE-48EE46ED2511} = {5AA35D14-28CB-4A3E-AAAF-167F02D662F9}
		{0A468C9B-A47D-4DE0-9756-5F6FB1F20A24} = {ABC8E72F-DA04-4370-A612-2E22542D42AA}
		{BE02426C-DCC8-41E6-BFCE-8A03657F53B5} = {ABC8E72F-DA04-4370-A612-2E22542D42AA}
		{53A14918-C41D-41EC-92CD-F09333AD8E1D} = {BE02426C-DCC8-41E6-BFCE-8A03657F53B5}
		{6B35026A-67A8-448C-9429-6447B4793174} = {BE02426C-DCC8-41E6-BFCE-8A03657F53B5}
		{1B074939-D9FE-4E2B-8516-EEEF5E002ACE} = {BE02426C-DCC8-41E6-BFCE-8A03657F53B5}
		{D759674F-C3EE-4C01-A491-E8A85AFE1C74} = {BE02426C-DCC8-41E6-BFCE-8A03657F53B5}
		{1C94AFAE-F792-4FF4-AEB8-660D3A811F17} = {683E9CAE-E8CE-4093-9665-58B12F12E6DB}
		{237B2579-D341-4A7D-9760-AD1D6B84881E} = {ABC8E72F-DA04-4370-A612-2E22542D42AA}
		{AC29FAA1-4C70-4636-9684-8F81137A1A01} = {ABC8E72F-DA04-4370-A612-2E22542D42AA}
		{2D67021C-4608-464A-9ECA-2EA5CC56D6CA} = {ABC8E72F-DA04-4370-A612-2E22542D42AA}
		{746B25CA-DAEC-4A90-9ED5-357038C675D7} = {ABC8E72F-DA04-4370-A612-2E22542D42AA}
		{1D566D73-A7A1-4EE8-BA33-50D049901FB4} = {ABC8E72F-DA04-4370-A612-2E22542D42AA}
		{C11EB4B2-8D8C-47FB-9E3D-D79428541181} = {ABC8E72F-DA04-4370-A612-2E22542D42AA}
		{E421767A-8852-4622-859E-CF4159345BE2} = {BE02426C-DCC8-41E6-BFCE-8A03657F53B5}
		{E7EF4701-968D-4934-A779-C98D9A194D69} = {BE02426C-DCC8-41E6-BFCE-8A03657F53B5}
		{AA995175-2593-4EBB-BE4F-2367A4D65751} = {BE02426C-DCC8-41E6-BFCE-8A03657F53B5}
		{DC3A4B8C-939D-4AF3-824A-21BF7C2F772A} = {1921F468-24D6-43B8-8274-2C980DF05237}
		{75C35AD4-0C15-4B78-B721-D1881E44FFF9} = {1921F468-24D6-43B8-8274-2C980DF05237}
		{D0618267-62AC-431C-9F7E-E8120194F969} = {1921F468-24D6-43B8-8274-2C980DF05237}
	EndGlobalSection
	GlobalSection(ExtensibilityGlobals) = postSolution
		SolutionGuid = {75F45143-A365-4C32-A2D5-56BDADCE76CC}
	EndGlobalSection
EndGlobal
