
Microsoft Visual Studio Solution File, Format Version 12.00
# Visual Studio Version 16
VisualStudioVersion = 16.0.0.0
MinimumVisualStudioVersion = 16.0.0.0
Project("{9A19103F-16F7-4668-BE54-9A1E7A4F7556}") = "BlazorBoilerplate.Server", "BlazorBoilerplate.Server\BlazorBoilerplate.Server.csproj", "{1BB79B82-519D-479E-91DB-3984C71A5A50}"
EndProject
Project("{9A19103F-16F7-4668-BE54-9A1E7A4F7556}") = "BlazorBoilerplate.Client", "BlazorBoilerplate.Client\BlazorBoilerplate.Client.csproj", "{BC5BE25C-E8C1-4DDA-BA37-47129DA2844B}"
EndProject
Project("{9A19103F-16F7-4668-BE54-9A1E7A4F7556}") = "BlazorBoilerplate.Shared", "BlazorBoilerplate.Shared\BlazorBoilerplate.Shared.csproj", "{10C5F5DE-4DB1-4368-837B-3A90394073E4}"
EndProject
Project("{2150E333-8FDC-42A3-9474-1A3956D46DE8}") = "Solution Items", "Solution Items", "{683E9CAE-E8CE-4093-9665-58B12F12E6DB}"
	ProjectSection(SolutionItems) = preProject
		..\ctag.cmd = ..\ctag.cmd
		Dockerfile = Dockerfile
		..\README.md = ..\README.md
		libs\UltraMapper.dll = libs\UltraMapper.dll
	EndProjectSection
EndProject
Project("{E53339B2-1760-4266-BCC7-CA923CBCF16C}") = "docker-compose", "docker-compose.dcproj", "{43D0A8C8-FC43-4DE5-BCDE-48EE46ED2511}"
EndProject
Project("{9A19103F-16F7-4668-BE54-9A1E7A4F7556}") = "BlazorBoilerplate.CommonUI", "BlazorBoilerplate.CommonUI\BlazorBoilerplate.CommonUI.csproj", "{BD33A0D0-8628-447B-AC4C-77A076B2BDA3}"
EndProject
Project("{9A19103F-16F7-4668-BE54-9A1E7A4F7556}") = "BlazorBoilerplate.Storage", "BlazorBoilerplate.Storage\BlazorBoilerplate.Storage.csproj", "{E557B788-61DB-486E-A011-588964074C0D}"
EndProject
Project("{2150E333-8FDC-42A3-9474-1A3956D46DE8}") = "Tests", "Tests", "{1921F468-24D6-43B8-8274-2C980DF05237}"
EndProject
Project("{9A19103F-16F7-4668-BE54-9A1E7A4F7556}") = "BlazorBoilerplate.Server.Tests", "..\BlazorBoilerplate.Server.Tests\BlazorBoilerplate.Server.Tests.csproj", "{24EFF7D1-2E8C-4065-8477-055EABD5B124}"
EndProject
Project("{9A19103F-16F7-4668-BE54-9A1E7A4F7556}") = "BlazorBoilerplate.Storage.Tests", "..\BlazorBoilerplate.Storage.Tests\BlazorBoilerplate.Storage.Tests.csproj", "{9F7E36C4-F05E-4CEE-BE0B-15CC660E7E2F}"
EndProject
Global
	GlobalSection(SolutionConfigurationPlatforms) = preSolution
		Debug_CSB|Any CPU = Debug_CSB|Any CPU
		Debug_CSB|x64 = Debug_CSB|x64
		Debug_CSB|x86 = Debug_CSB|x86
		Debug_SSB|Any CPU = Debug_SSB|Any CPU
		Debug_SSB|x64 = Debug_SSB|x64
		Debug_SSB|x86 = Debug_SSB|x86
		Debug|Any CPU = Debug|Any CPU
		Debug|x64 = Debug|x64
		Debug|x86 = Debug|x86
		Release_CSB|Any CPU = Release_CSB|Any CPU
		Release_CSB|x64 = Release_CSB|x64
		Release_CSB|x86 = Release_CSB|x86
		Release_SSB|Any CPU = Release_SSB|Any CPU
		Release_SSB|x64 = Release_SSB|x64
		Release_SSB|x86 = Release_SSB|x86
		Release|Any CPU = Release|Any CPU
		Release|x64 = Release|x64
		Release|x86 = Release|x86
	EndGlobalSection
	GlobalSection(ProjectConfigurationPlatforms) = postSolution
		{1BB79B82-519D-479E-91DB-3984C71A5A50}.Debug_CSB|Any CPU.ActiveCfg = Debug_CSB|Any CPU
		{1BB79B82-519D-479E-91DB-3984C71A5A50}.Debug_CSB|Any CPU.Build.0 = Debug_CSB|Any CPU
		{1BB79B82-519D-479E-91DB-3984C71A5A50}.Debug_CSB|x64.ActiveCfg = Debug_CSB|Any CPU
		{1BB79B82-519D-479E-91DB-3984C71A5A50}.Debug_CSB|x64.Build.0 = Debug_CSB|Any CPU
		{1BB79B82-519D-479E-91DB-3984C71A5A50}.Debug_CSB|x86.ActiveCfg = Debug_CSB|Any CPU
		{1BB79B82-519D-479E-91DB-3984C71A5A50}.Debug_CSB|x86.Build.0 = Debug_CSB|Any CPU
		{1BB79B82-519D-479E-91DB-3984C71A5A50}.Debug_SSB|Any CPU.ActiveCfg = Debug_SSB|Any CPU
		{1BB79B82-519D-479E-91DB-3984C71A5A50}.Debug_SSB|Any CPU.Build.0 = Debug_SSB|Any CPU
		{1BB79B82-519D-479E-91DB-3984C71A5A50}.Debug_SSB|x64.ActiveCfg = Debug_SSB|Any CPU
		{1BB79B82-519D-479E-91DB-3984C71A5A50}.Debug_SSB|x64.Build.0 = Debug_SSB|Any CPU
		{1BB79B82-519D-479E-91DB-3984C71A5A50}.Debug_SSB|x86.ActiveCfg = Debug_SSB|Any CPU
		{1BB79B82-519D-479E-91DB-3984C71A5A50}.Debug_SSB|x86.Build.0 = Debug_SSB|Any CPU
		{1BB79B82-519D-479E-91DB-3984C71A5A50}.Debug|Any CPU.ActiveCfg = Debug_SSB|Any CPU
		{1BB79B82-519D-479E-91DB-3984C71A5A50}.Debug|Any CPU.Build.0 = Debug_SSB|Any CPU
		{1BB79B82-519D-479E-91DB-3984C71A5A50}.Debug|x64.ActiveCfg = Debug_SSB|Any CPU
		{1BB79B82-519D-479E-91DB-3984C71A5A50}.Debug|x64.Build.0 = Debug_SSB|Any CPU
		{1BB79B82-519D-479E-91DB-3984C71A5A50}.Debug|x86.ActiveCfg = Debug_SSB|Any CPU
		{1BB79B82-519D-479E-91DB-3984C71A5A50}.Debug|x86.Build.0 = Debug_SSB|Any CPU
		{1BB79B82-519D-479E-91DB-3984C71A5A50}.Release_CSB|Any CPU.ActiveCfg = Release_CSB|Any CPU
		{1BB79B82-519D-479E-91DB-3984C71A5A50}.Release_CSB|Any CPU.Build.0 = Release_CSB|Any CPU
		{1BB79B82-519D-479E-91DB-3984C71A5A50}.Release_CSB|x64.ActiveCfg = Release_CSB|Any CPU
		{1BB79B82-519D-479E-91DB-3984C71A5A50}.Release_CSB|x64.Build.0 = Release_CSB|Any CPU
		{1BB79B82-519D-479E-91DB-3984C71A5A50}.Release_CSB|x86.ActiveCfg = Release_CSB|Any CPU
		{1BB79B82-519D-479E-91DB-3984C71A5A50}.Release_CSB|x86.Build.0 = Release_CSB|Any CPU
		{1BB79B82-519D-479E-91DB-3984C71A5A50}.Release_SSB|Any CPU.ActiveCfg = Release_SSB|Any CPU
		{1BB79B82-519D-479E-91DB-3984C71A5A50}.Release_SSB|Any CPU.Build.0 = Release_SSB|Any CPU
		{1BB79B82-519D-479E-91DB-3984C71A5A50}.Release_SSB|x64.ActiveCfg = Release_SSB|Any CPU
		{1BB79B82-519D-479E-91DB-3984C71A5A50}.Release_SSB|x64.Build.0 = Release_SSB|Any CPU
		{1BB79B82-519D-479E-91DB-3984C71A5A50}.Release_SSB|x86.ActiveCfg = Release_SSB|Any CPU
		{1BB79B82-519D-479E-91DB-3984C71A5A50}.Release_SSB|x86.Build.0 = Release_SSB|Any CPU
		{1BB79B82-519D-479E-91DB-3984C71A5A50}.Release|Any CPU.ActiveCfg = Release_SSB|Any CPU
		{1BB79B82-519D-479E-91DB-3984C71A5A50}.Release|Any CPU.Build.0 = Release_SSB|Any CPU
		{1BB79B82-519D-479E-91DB-3984C71A5A50}.Release|x64.ActiveCfg = Release_SSB|Any CPU
		{1BB79B82-519D-479E-91DB-3984C71A5A50}.Release|x64.Build.0 = Release_SSB|Any CPU
		{1BB79B82-519D-479E-91DB-3984C71A5A50}.Release|x86.ActiveCfg = Release_SSB|Any CPU
		{1BB79B82-519D-479E-91DB-3984C71A5A50}.Release|x86.Build.0 = Release_SSB|Any CPU
		{BC5BE25C-E8C1-4DDA-BA37-47129DA2844B}.Debug_CSB|Any CPU.ActiveCfg = Debug_CSB|Any CPU
		{BC5BE25C-E8C1-4DDA-BA37-47129DA2844B}.Debug_CSB|Any CPU.Build.0 = Debug_CSB|Any CPU
		{BC5BE25C-E8C1-4DDA-BA37-47129DA2844B}.Debug_CSB|x64.ActiveCfg = Debug_CSB|Any CPU
		{BC5BE25C-E8C1-4DDA-BA37-47129DA2844B}.Debug_CSB|x64.Build.0 = Debug_CSB|Any CPU
		{BC5BE25C-E8C1-4DDA-BA37-47129DA2844B}.Debug_CSB|x86.ActiveCfg = Debug_CSB|Any CPU
		{BC5BE25C-E8C1-4DDA-BA37-47129DA2844B}.Debug_CSB|x86.Build.0 = Debug_CSB|Any CPU
		{BC5BE25C-E8C1-4DDA-BA37-47129DA2844B}.Debug_SSB|Any CPU.ActiveCfg = Debug_SSB|Any CPU
		{BC5BE25C-E8C1-4DDA-BA37-47129DA2844B}.Debug_SSB|Any CPU.Build.0 = Debug_SSB|Any CPU
		{BC5BE25C-E8C1-4DDA-BA37-47129DA2844B}.Debug_SSB|x64.ActiveCfg = Debug_SSB|Any CPU
		{BC5BE25C-E8C1-4DDA-BA37-47129DA2844B}.Debug_SSB|x64.Build.0 = Debug_SSB|Any CPU
		{BC5BE25C-E8C1-4DDA-BA37-47129DA2844B}.Debug_SSB|x86.ActiveCfg = Debug_SSB|Any CPU
		{BC5BE25C-E8C1-4DDA-BA37-47129DA2844B}.Debug_SSB|x86.Build.0 = Debug_SSB|Any CPU
		{BC5BE25C-E8C1-4DDA-BA37-47129DA2844B}.Debug|Any CPU.ActiveCfg = Debug_SSB|Any CPU
		{BC5BE25C-E8C1-4DDA-BA37-47129DA2844B}.Debug|Any CPU.Build.0 = Debug_SSB|Any CPU
		{BC5BE25C-E8C1-4DDA-BA37-47129DA2844B}.Debug|x64.ActiveCfg = Debug_SSB|Any CPU
		{BC5BE25C-E8C1-4DDA-BA37-47129DA2844B}.Debug|x64.Build.0 = Debug_SSB|Any CPU
		{BC5BE25C-E8C1-4DDA-BA37-47129DA2844B}.Debug|x86.ActiveCfg = Debug_SSB|Any CPU
		{BC5BE25C-E8C1-4DDA-BA37-47129DA2844B}.Debug|x86.Build.0 = Debug_SSB|Any CPU
		{BC5BE25C-E8C1-4DDA-BA37-47129DA2844B}.Release_CSB|Any CPU.ActiveCfg = Release_CSB|Any CPU
		{BC5BE25C-E8C1-4DDA-BA37-47129DA2844B}.Release_CSB|Any CPU.Build.0 = Release_CSB|Any CPU
		{BC5BE25C-E8C1-4DDA-BA37-47129DA2844B}.Release_CSB|x64.ActiveCfg = Release_CSB|Any CPU
		{BC5BE25C-E8C1-4DDA-BA37-47129DA2844B}.Release_CSB|x64.Build.0 = Release_CSB|Any CPU
		{BC5BE25C-E8C1-4DDA-BA37-47129DA2844B}.Release_CSB|x86.ActiveCfg = Release_CSB|Any CPU
		{BC5BE25C-E8C1-4DDA-BA37-47129DA2844B}.Release_CSB|x86.Build.0 = Release_CSB|Any CPU
		{BC5BE25C-E8C1-4DDA-BA37-47129DA2844B}.Release_SSB|Any CPU.ActiveCfg = Release_SSB|Any CPU
		{BC5BE25C-E8C1-4DDA-BA37-47129DA2844B}.Release_SSB|Any CPU.Build.0 = Release_SSB|Any CPU
		{BC5BE25C-E8C1-4DDA-BA37-47129DA2844B}.Release_SSB|x64.ActiveCfg = Release_SSB|Any CPU
		{BC5BE25C-E8C1-4DDA-BA37-47129DA2844B}.Release_SSB|x64.Build.0 = Release_SSB|Any CPU
		{BC5BE25C-E8C1-4DDA-BA37-47129DA2844B}.Release_SSB|x86.ActiveCfg = Release_SSB|Any CPU
		{BC5BE25C-E8C1-4DDA-BA37-47129DA2844B}.Release_SSB|x86.Build.0 = Release_SSB|Any CPU
		{BC5BE25C-E8C1-4DDA-BA37-47129DA2844B}.Release|Any CPU.ActiveCfg = Release_SSB|Any CPU
		{BC5BE25C-E8C1-4DDA-BA37-47129DA2844B}.Release|Any CPU.Build.0 = Release_SSB|Any CPU
		{BC5BE25C-E8C1-4DDA-BA37-47129DA2844B}.Release|x64.ActiveCfg = Release_SSB|Any CPU
		{BC5BE25C-E8C1-4DDA-BA37-47129DA2844B}.Release|x64.Build.0 = Release_SSB|Any CPU
		{BC5BE25C-E8C1-4DDA-BA37-47129DA2844B}.Release|x86.ActiveCfg = Release_SSB|Any CPU
		{BC5BE25C-E8C1-4DDA-BA37-47129DA2844B}.Release|x86.Build.0 = Release_SSB|Any CPU
		{10C5F5DE-4DB1-4368-837B-3A90394073E4}.Debug_CSB|Any CPU.ActiveCfg = Debug_CSB|Any CPU
		{10C5F5DE-4DB1-4368-837B-3A90394073E4}.Debug_CSB|Any CPU.Build.0 = Debug_CSB|Any CPU
		{10C5F5DE-4DB1-4368-837B-3A90394073E4}.Debug_CSB|x64.ActiveCfg = Debug_CSB|Any CPU
		{10C5F5DE-4DB1-4368-837B-3A90394073E4}.Debug_CSB|x64.Build.0 = Debug_CSB|Any CPU
		{10C5F5DE-4DB1-4368-837B-3A90394073E4}.Debug_CSB|x86.ActiveCfg = Debug_CSB|Any CPU
		{10C5F5DE-4DB1-4368-837B-3A90394073E4}.Debug_CSB|x86.Build.0 = Debug_CSB|Any CPU
		{10C5F5DE-4DB1-4368-837B-3A90394073E4}.Debug_SSB|Any CPU.ActiveCfg = Debug_SSB|Any CPU
		{10C5F5DE-4DB1-4368-837B-3A90394073E4}.Debug_SSB|Any CPU.Build.0 = Debug_SSB|Any CPU
		{10C5F5DE-4DB1-4368-837B-3A90394073E4}.Debug_SSB|x64.ActiveCfg = Debug_SSB|Any CPU
		{10C5F5DE-4DB1-4368-837B-3A90394073E4}.Debug_SSB|x64.Build.0 = Debug_SSB|Any CPU
		{10C5F5DE-4DB1-4368-837B-3A90394073E4}.Debug_SSB|x86.ActiveCfg = Debug_SSB|Any CPU
		{10C5F5DE-4DB1-4368-837B-3A90394073E4}.Debug_SSB|x86.Build.0 = Debug_SSB|Any CPU
		{10C5F5DE-4DB1-4368-837B-3A90394073E4}.Debug|Any CPU.ActiveCfg = Debug_SSB|Any CPU
		{10C5F5DE-4DB1-4368-837B-3A90394073E4}.Debug|Any CPU.Build.0 = Debug_SSB|Any CPU
		{10C5F5DE-4DB1-4368-837B-3A90394073E4}.Debug|x64.ActiveCfg = Debug_SSB|Any CPU
		{10C5F5DE-4DB1-4368-837B-3A90394073E4}.Debug|x64.Build.0 = Debug_SSB|Any CPU
		{10C5F5DE-4DB1-4368-837B-3A90394073E4}.Debug|x86.ActiveCfg = Debug_SSB|Any CPU
		{10C5F5DE-4DB1-4368-837B-3A90394073E4}.Debug|x86.Build.0 = Debug_SSB|Any CPU
		{10C5F5DE-4DB1-4368-837B-3A90394073E4}.Release_CSB|Any CPU.ActiveCfg = Release_CSB|Any CPU
		{10C5F5DE-4DB1-4368-837B-3A90394073E4}.Release_CSB|Any CPU.Build.0 = Release_CSB|Any CPU
		{10C5F5DE-4DB1-4368-837B-3A90394073E4}.Release_CSB|x64.ActiveCfg = Release_CSB|Any CPU
		{10C5F5DE-4DB1-4368-837B-3A90394073E4}.Release_CSB|x64.Build.0 = Release_CSB|Any CPU
		{10C5F5DE-4DB1-4368-837B-3A90394073E4}.Release_CSB|x86.ActiveCfg = Release_CSB|Any CPU
		{10C5F5DE-4DB1-4368-837B-3A90394073E4}.Release_CSB|x86.Build.0 = Release_CSB|Any CPU
		{10C5F5DE-4DB1-4368-837B-3A90394073E4}.Release_SSB|Any CPU.ActiveCfg = Release_SSB|Any CPU
		{10C5F5DE-4DB1-4368-837B-3A90394073E4}.Release_SSB|Any CPU.Build.0 = Release_SSB|Any CPU
		{10C5F5DE-4DB1-4368-837B-3A90394073E4}.Release_SSB|x64.ActiveCfg = Release_SSB|Any CPU
		{10C5F5DE-4DB1-4368-837B-3A90394073E4}.Release_SSB|x64.Build.0 = Release_SSB|Any CPU
		{10C5F5DE-4DB1-4368-837B-3A90394073E4}.Release_SSB|x86.ActiveCfg = Release_SSB|Any CPU
		{10C5F5DE-4DB1-4368-837B-3A90394073E4}.Release_SSB|x86.Build.0 = Release_SSB|Any CPU
		{10C5F5DE-4DB1-4368-837B-3A90394073E4}.Release|Any CPU.ActiveCfg = Release_SSB|Any CPU
		{10C5F5DE-4DB1-4368-837B-3A90394073E4}.Release|Any CPU.Build.0 = Release_SSB|Any CPU
		{10C5F5DE-4DB1-4368-837B-3A90394073E4}.Release|x64.ActiveCfg = Release_SSB|Any CPU
		{10C5F5DE-4DB1-4368-837B-3A90394073E4}.Release|x64.Build.0 = Release_SSB|Any CPU
		{10C5F5DE-4DB1-4368-837B-3A90394073E4}.Release|x86.ActiveCfg = Release_SSB|Any CPU
		{10C5F5DE-4DB1-4368-837B-3A90394073E4}.Release|x86.Build.0 = Release_SSB|Any CPU
		{43D0A8C8-FC43-4DE5-BCDE-48EE46ED2511}.Debug_CSB|Any CPU.ActiveCfg = Debug_CSB|Any CPU
		{43D0A8C8-FC43-4DE5-BCDE-48EE46ED2511}.Debug_CSB|x64.ActiveCfg = Debug_CSB|Any CPU
		{43D0A8C8-FC43-4DE5-BCDE-48EE46ED2511}.Debug_CSB|x64.Build.0 = Debug_CSB|Any CPU
		{43D0A8C8-FC43-4DE5-BCDE-48EE46ED2511}.Debug_CSB|x86.ActiveCfg = Debug_CSB|Any CPU
		{43D0A8C8-FC43-4DE5-BCDE-48EE46ED2511}.Debug_CSB|x86.Build.0 = Debug_CSB|Any CPU
		{43D0A8C8-FC43-4DE5-BCDE-48EE46ED2511}.Debug_SSB|Any CPU.ActiveCfg = Debug_SSB|Any CPU
		{43D0A8C8-FC43-4DE5-BCDE-48EE46ED2511}.Debug_SSB|x64.ActiveCfg = Debug_SSB|Any CPU
		{43D0A8C8-FC43-4DE5-BCDE-48EE46ED2511}.Debug_SSB|x64.Build.0 = Debug_SSB|Any CPU
		{43D0A8C8-FC43-4DE5-BCDE-48EE46ED2511}.Debug_SSB|x86.ActiveCfg = Debug_SSB|Any CPU
		{43D0A8C8-FC43-4DE5-BCDE-48EE46ED2511}.Debug_SSB|x86.Build.0 = Debug_SSB|Any CPU
		{43D0A8C8-FC43-4DE5-BCDE-48EE46ED2511}.Debug|Any CPU.ActiveCfg = Debug|Any CPU
		{43D0A8C8-FC43-4DE5-BCDE-48EE46ED2511}.Debug|Any CPU.Build.0 = Debug|Any CPU
		{43D0A8C8-FC43-4DE5-BCDE-48EE46ED2511}.Debug|x64.ActiveCfg = Debug|Any CPU
		{43D0A8C8-FC43-4DE5-BCDE-48EE46ED2511}.Debug|x64.Build.0 = Debug|Any CPU
		{43D0A8C8-FC43-4DE5-BCDE-48EE46ED2511}.Debug|x86.ActiveCfg = Debug|Any CPU
		{43D0A8C8-FC43-4DE5-BCDE-48EE46ED2511}.Debug|x86.Build.0 = Debug|Any CPU
		{43D0A8C8-FC43-4DE5-BCDE-48EE46ED2511}.Release_CSB|Any CPU.ActiveCfg = Release_CSB|Any CPU
		{43D0A8C8-FC43-4DE5-BCDE-48EE46ED2511}.Release_CSB|Any CPU.Build.0 = Release_CSB|Any CPU
		{43D0A8C8-FC43-4DE5-BCDE-48EE46ED2511}.Release_CSB|x64.ActiveCfg = Release_CSB|Any CPU
		{43D0A8C8-FC43-4DE5-BCDE-48EE46ED2511}.Release_CSB|x64.Build.0 = Release_CSB|Any CPU
		{43D0A8C8-FC43-4DE5-BCDE-48EE46ED2511}.Release_CSB|x86.ActiveCfg = Release_CSB|Any CPU
		{43D0A8C8-FC43-4DE5-BCDE-48EE46ED2511}.Release_CSB|x86.Build.0 = Release_CSB|Any CPU
		{43D0A8C8-FC43-4DE5-BCDE-48EE46ED2511}.Release_SSB|Any CPU.ActiveCfg = Release_SSB|Any CPU
		{43D0A8C8-FC43-4DE5-BCDE-48EE46ED2511}.Release_SSB|Any CPU.Build.0 = Release_SSB|Any CPU
		{43D0A8C8-FC43-4DE5-BCDE-48EE46ED2511}.Release_SSB|x64.ActiveCfg = Release_SSB|Any CPU
		{43D0A8C8-FC43-4DE5-BCDE-48EE46ED2511}.Release_SSB|x64.Build.0 = Release_SSB|Any CPU
		{43D0A8C8-FC43-4DE5-BCDE-48EE46ED2511}.Release_SSB|x86.ActiveCfg = Release_SSB|Any CPU
		{43D0A8C8-FC43-4DE5-BCDE-48EE46ED2511}.Release_SSB|x86.Build.0 = Release_SSB|Any CPU
		{43D0A8C8-FC43-4DE5-BCDE-48EE46ED2511}.Release|Any CPU.ActiveCfg = Release|Any CPU
		{43D0A8C8-FC43-4DE5-BCDE-48EE46ED2511}.Release|Any CPU.Build.0 = Release|Any CPU
		{43D0A8C8-FC43-4DE5-BCDE-48EE46ED2511}.Release|x64.ActiveCfg = Release|Any CPU
		{43D0A8C8-FC43-4DE5-BCDE-48EE46ED2511}.Release|x64.Build.0 = Release|Any CPU
		{43D0A8C8-FC43-4DE5-BCDE-48EE46ED2511}.Release|x86.ActiveCfg = Release|Any CPU
		{43D0A8C8-FC43-4DE5-BCDE-48EE46ED2511}.Release|x86.Build.0 = Release|Any CPU
		{BD33A0D0-8628-447B-AC4C-77A076B2BDA3}.Debug_CSB|Any CPU.ActiveCfg = Debug_CSB|Any CPU
		{BD33A0D0-8628-447B-AC4C-77A076B2BDA3}.Debug_CSB|Any CPU.Build.0 = Debug_CSB|Any CPU
		{BD33A0D0-8628-447B-AC4C-77A076B2BDA3}.Debug_CSB|x64.ActiveCfg = Debug_CSB|Any CPU
		{BD33A0D0-8628-447B-AC4C-77A076B2BDA3}.Debug_CSB|x64.Build.0 = Debug_CSB|Any CPU
		{BD33A0D0-8628-447B-AC4C-77A076B2BDA3}.Debug_CSB|x86.ActiveCfg = Debug_CSB|Any CPU
		{BD33A0D0-8628-447B-AC4C-77A076B2BDA3}.Debug_CSB|x86.Build.0 = Debug_CSB|Any CPU
		{BD33A0D0-8628-447B-AC4C-77A076B2BDA3}.Debug_SSB|Any CPU.ActiveCfg = Debug_SSB|Any CPU
		{BD33A0D0-8628-447B-AC4C-77A076B2BDA3}.Debug_SSB|Any CPU.Build.0 = Debug_SSB|Any CPU
		{BD33A0D0-8628-447B-AC4C-77A076B2BDA3}.Debug_SSB|x64.ActiveCfg = Debug_SSB|Any CPU
		{BD33A0D0-8628-447B-AC4C-77A076B2BDA3}.Debug_SSB|x64.Build.0 = Debug_SSB|Any CPU
		{BD33A0D0-8628-447B-AC4C-77A076B2BDA3}.Debug_SSB|x86.ActiveCfg = Debug_SSB|Any CPU
		{BD33A0D0-8628-447B-AC4C-77A076B2BDA3}.Debug_SSB|x86.Build.0 = Debug_SSB|Any CPU
		{BD33A0D0-8628-447B-AC4C-77A076B2BDA3}.Debug|Any CPU.ActiveCfg = Debug_SSB|Any CPU
		{BD33A0D0-8628-447B-AC4C-77A076B2BDA3}.Debug|Any CPU.Build.0 = Debug_SSB|Any CPU
		{BD33A0D0-8628-447B-AC4C-77A076B2BDA3}.Debug|x64.ActiveCfg = Debug_SSB|Any CPU
		{BD33A0D0-8628-447B-AC4C-77A076B2BDA3}.Debug|x64.Build.0 = Debug_SSB|Any CPU
		{BD33A0D0-8628-447B-AC4C-77A076B2BDA3}.Debug|x86.ActiveCfg = Debug_SSB|Any CPU
		{BD33A0D0-8628-447B-AC4C-77A076B2BDA3}.Debug|x86.Build.0 = Debug_SSB|Any CPU
		{BD33A0D0-8628-447B-AC4C-77A076B2BDA3}.Release_CSB|Any CPU.ActiveCfg = Release_CSB|Any CPU
		{BD33A0D0-8628-447B-AC4C-77A076B2BDA3}.Release_CSB|Any CPU.Build.0 = Release_CSB|Any CPU
		{BD33A0D0-8628-447B-AC4C-77A076B2BDA3}.Release_CSB|x64.ActiveCfg = Release_CSB|Any CPU
		{BD33A0D0-8628-447B-AC4C-77A076B2BDA3}.Release_CSB|x64.Build.0 = Release_CSB|Any CPU
		{BD33A0D0-8628-447B-AC4C-77A076B2BDA3}.Release_CSB|x86.ActiveCfg = Release_CSB|Any CPU
		{BD33A0D0-8628-447B-AC4C-77A076B2BDA3}.Release_CSB|x86.Build.0 = Release_CSB|Any CPU
		{BD33A0D0-8628-447B-AC4C-77A076B2BDA3}.Release_SSB|Any CPU.ActiveCfg = Release_SSB|Any CPU
		{BD33A0D0-8628-447B-AC4C-77A076B2BDA3}.Release_SSB|Any CPU.Build.0 = Release_SSB|Any CPU
		{BD33A0D0-8628-447B-AC4C-77A076B2BDA3}.Release_SSB|x64.ActiveCfg = Release_SSB|Any CPU
		{BD33A0D0-8628-447B-AC4C-77A076B2BDA3}.Release_SSB|x64.Build.0 = Release_SSB|Any CPU
		{BD33A0D0-8628-447B-AC4C-77A076B2BDA3}.Release_SSB|x86.ActiveCfg = Release_SSB|Any CPU
		{BD33A0D0-8628-447B-AC4C-77A076B2BDA3}.Release_SSB|x86.Build.0 = Release_SSB|Any CPU
		{BD33A0D0-8628-447B-AC4C-77A076B2BDA3}.Release|Any CPU.ActiveCfg = Release_SSB|Any CPU
		{BD33A0D0-8628-447B-AC4C-77A076B2BDA3}.Release|Any CPU.Build.0 = Release_SSB|Any CPU
		{BD33A0D0-8628-447B-AC4C-77A076B2BDA3}.Release|x64.ActiveCfg = Release_SSB|Any CPU
		{BD33A0D0-8628-447B-AC4C-77A076B2BDA3}.Release|x64.Build.0 = Release_SSB|Any CPU
		{BD33A0D0-8628-447B-AC4C-77A076B2BDA3}.Release|x86.ActiveCfg = Release_SSB|Any CPU
		{BD33A0D0-8628-447B-AC4C-77A076B2BDA3}.Release|x86.Build.0 = Release_SSB|Any CPU
		{E557B788-61DB-486E-A011-588964074C0D}.Debug_CSB|Any CPU.ActiveCfg = Debug|Any CPU
		{E557B788-61DB-486E-A011-588964074C0D}.Debug_CSB|Any CPU.Build.0 = Debug|Any CPU
		{E557B788-61DB-486E-A011-588964074C0D}.Debug_CSB|x64.ActiveCfg = Debug|Any CPU
		{E557B788-61DB-486E-A011-588964074C0D}.Debug_CSB|x64.Build.0 = Debug|Any CPU
		{E557B788-61DB-486E-A011-588964074C0D}.Debug_CSB|x86.ActiveCfg = Debug|Any CPU
		{E557B788-61DB-486E-A011-588964074C0D}.Debug_CSB|x86.Build.0 = Debug|Any CPU
		{E557B788-61DB-486E-A011-588964074C0D}.Debug_SSB|Any CPU.ActiveCfg = Debug|Any CPU
		{E557B788-61DB-486E-A011-588964074C0D}.Debug_SSB|Any CPU.Build.0 = Debug|Any CPU
		{E557B788-61DB-486E-A011-588964074C0D}.Debug_SSB|x64.ActiveCfg = Debug|Any CPU
		{E557B788-61DB-486E-A011-588964074C0D}.Debug_SSB|x64.Build.0 = Debug|Any CPU
		{E557B788-61DB-486E-A011-588964074C0D}.Debug_SSB|x86.ActiveCfg = Debug|Any CPU
		{E557B788-61DB-486E-A011-588964074C0D}.Debug_SSB|x86.Build.0 = Debug|Any CPU
		{E557B788-61DB-486E-A011-588964074C0D}.Debug|Any CPU.ActiveCfg = Debug|Any CPU
		{E557B788-61DB-486E-A011-588964074C0D}.Debug|Any CPU.Build.0 = Debug|Any CPU
		{E557B788-61DB-486E-A011-588964074C0D}.Debug|x64.ActiveCfg = Debug|Any CPU
		{E557B788-61DB-486E-A011-588964074C0D}.Debug|x64.Build.0 = Debug|Any CPU
		{E557B788-61DB-486E-A011-588964074C0D}.Debug|x86.ActiveCfg = Debug|Any CPU
		{E557B788-61DB-486E-A011-588964074C0D}.Debug|x86.Build.0 = Debug|Any CPU
		{E557B788-61DB-486E-A011-588964074C0D}.Release_CSB|Any CPU.ActiveCfg = Debug|Any CPU
		{E557B788-61DB-486E-A011-588964074C0D}.Release_CSB|Any CPU.Build.0 = Debug|Any CPU
		{E557B788-61DB-486E-A011-588964074C0D}.Release_CSB|x64.ActiveCfg = Debug|Any CPU
		{E557B788-61DB-486E-A011-588964074C0D}.Release_CSB|x64.Build.0 = Debug|Any CPU
		{E557B788-61DB-486E-A011-588964074C0D}.Release_CSB|x86.ActiveCfg = Debug|Any CPU
		{E557B788-61DB-486E-A011-588964074C0D}.Release_CSB|x86.Build.0 = Debug|Any CPU
		{E557B788-61DB-486E-A011-588964074C0D}.Release_SSB|Any CPU.ActiveCfg = Debug|Any CPU
		{E557B788-61DB-486E-A011-588964074C0D}.Release_SSB|Any CPU.Build.0 = Debug|Any CPU
		{E557B788-61DB-486E-A011-588964074C0D}.Release_SSB|x64.ActiveCfg = Debug|Any CPU
		{E557B788-61DB-486E-A011-588964074C0D}.Release_SSB|x64.Build.0 = Debug|Any CPU
		{E557B788-61DB-486E-A011-588964074C0D}.Release_SSB|x86.ActiveCfg = Debug|Any CPU
		{E557B788-61DB-486E-A011-588964074C0D}.Release_SSB|x86.Build.0 = Debug|Any CPU
		{E557B788-61DB-486E-A011-588964074C0D}.Release|Any CPU.ActiveCfg = Release|Any CPU
		{E557B788-61DB-486E-A011-588964074C0D}.Release|Any CPU.Build.0 = Release|Any CPU
		{E557B788-61DB-486E-A011-588964074C0D}.Release|x64.ActiveCfg = Release|Any CPU
		{E557B788-61DB-486E-A011-588964074C0D}.Release|x64.Build.0 = Release|Any CPU
		{E557B788-61DB-486E-A011-588964074C0D}.Release|x86.ActiveCfg = Release|Any CPU
		{E557B788-61DB-486E-A011-588964074C0D}.Release|x86.Build.0 = Release|Any CPU
		{24EFF7D1-2E8C-4065-8477-055EABD5B124}.Debug_CSB|Any CPU.ActiveCfg = Debug|Any CPU
		{24EFF7D1-2E8C-4065-8477-055EABD5B124}.Debug_CSB|Any CPU.Build.0 = Debug|Any CPU
		{24EFF7D1-2E8C-4065-8477-055EABD5B124}.Debug_CSB|x64.ActiveCfg = Debug|Any CPU
		{24EFF7D1-2E8C-4065-8477-055EABD5B124}.Debug_CSB|x64.Build.0 = Debug|Any CPU
		{24EFF7D1-2E8C-4065-8477-055EABD5B124}.Debug_CSB|x86.ActiveCfg = Debug|Any CPU
		{24EFF7D1-2E8C-4065-8477-055EABD5B124}.Debug_CSB|x86.Build.0 = Debug|Any CPU
		{24EFF7D1-2E8C-4065-8477-055EABD5B124}.Debug_SSB|Any CPU.ActiveCfg = Debug|Any CPU
		{24EFF7D1-2E8C-4065-8477-055EABD5B124}.Debug_SSB|Any CPU.Build.0 = Debug|Any CPU
		{24EFF7D1-2E8C-4065-8477-055EABD5B124}.Debug_SSB|x64.ActiveCfg = Debug|Any CPU
		{24EFF7D1-2E8C-4065-8477-055EABD5B124}.Debug_SSB|x64.Build.0 = Debug|Any CPU
		{24EFF7D1-2E8C-4065-8477-055EABD5B124}.Debug_SSB|x86.ActiveCfg = Debug|Any CPU
		{24EFF7D1-2E8C-4065-8477-055EABD5B124}.Debug_SSB|x86.Build.0 = Debug|Any CPU
		{24EFF7D1-2E8C-4065-8477-055EABD5B124}.Debug|Any CPU.ActiveCfg = Debug|Any CPU
		{24EFF7D1-2E8C-4065-8477-055EABD5B124}.Debug|Any CPU.Build.0 = Debug|Any CPU
		{24EFF7D1-2E8C-4065-8477-055EABD5B124}.Debug|x64.ActiveCfg = Debug|Any CPU
		{24EFF7D1-2E8C-4065-8477-055EABD5B124}.Debug|x64.Build.0 = Debug|Any CPU
		{24EFF7D1-2E8C-4065-8477-055EABD5B124}.Debug|x86.ActiveCfg = Debug|Any CPU
		{24EFF7D1-2E8C-4065-8477-055EABD5B124}.Debug|x86.Build.0 = Debug|Any CPU
		{24EFF7D1-2E8C-4065-8477-055EABD5B124}.Release_CSB|Any CPU.ActiveCfg = Release|Any CPU
		{24EFF7D1-2E8C-4065-8477-055EABD5B124}.Release_CSB|Any CPU.Build.0 = Release|Any CPU
		{24EFF7D1-2E8C-4065-8477-055EABD5B124}.Release_CSB|x64.ActiveCfg = Release|Any CPU
		{24EFF7D1-2E8C-4065-8477-055EABD5B124}.Release_CSB|x64.Build.0 = Release|Any CPU
		{24EFF7D1-2E8C-4065-8477-055EABD5B124}.Release_CSB|x86.ActiveCfg = Release|Any CPU
		{24EFF7D1-2E8C-4065-8477-055EABD5B124}.Release_CSB|x86.Build.0 = Release|Any CPU
		{24EFF7D1-2E8C-4065-8477-055EABD5B124}.Release_SSB|Any CPU.ActiveCfg = Release|Any CPU
		{24EFF7D1-2E8C-4065-8477-055EABD5B124}.Release_SSB|Any CPU.Build.0 = Release|Any CPU
		{24EFF7D1-2E8C-4065-8477-055EABD5B124}.Release_SSB|x64.ActiveCfg = Release|Any CPU
		{24EFF7D1-2E8C-4065-8477-055EABD5B124}.Release_SSB|x64.Build.0 = Release|Any CPU
		{24EFF7D1-2E8C-4065-8477-055EABD5B124}.Release_SSB|x86.ActiveCfg = Release|Any CPU
		{24EFF7D1-2E8C-4065-8477-055EABD5B124}.Release_SSB|x86.Build.0 = Release|Any CPU
		{24EFF7D1-2E8C-4065-8477-055EABD5B124}.Release|Any CPU.ActiveCfg = Release|Any CPU
		{24EFF7D1-2E8C-4065-8477-055EABD5B124}.Release|Any CPU.Build.0 = Release|Any CPU
		{24EFF7D1-2E8C-4065-8477-055EABD5B124}.Release|x64.ActiveCfg = Release|Any CPU
		{24EFF7D1-2E8C-4065-8477-055EABD5B124}.Release|x64.Build.0 = Release|Any CPU
		{24EFF7D1-2E8C-4065-8477-055EABD5B124}.Release|x86.ActiveCfg = Release|Any CPU
		{24EFF7D1-2E8C-4065-8477-055EABD5B124}.Release|x86.Build.0 = Release|Any CPU
		{9F7E36C4-F05E-4CEE-BE0B-15CC660E7E2F}.Debug_CSB|Any CPU.ActiveCfg = Debug|Any CPU
		{9F7E36C4-F05E-4CEE-BE0B-15CC660E7E2F}.Debug_CSB|Any CPU.Build.0 = Debug|Any CPU
		{9F7E36C4-F05E-4CEE-BE0B-15CC660E7E2F}.Debug_CSB|x64.ActiveCfg = Debug|Any CPU
		{9F7E36C4-F05E-4CEE-BE0B-15CC660E7E2F}.Debug_CSB|x64.Build.0 = Debug|Any CPU
		{9F7E36C4-F05E-4CEE-BE0B-15CC660E7E2F}.Debug_CSB|x86.ActiveCfg = Debug|Any CPU
		{9F7E36C4-F05E-4CEE-BE0B-15CC660E7E2F}.Debug_CSB|x86.Build.0 = Debug|Any CPU
		{9F7E36C4-F05E-4CEE-BE0B-15CC660E7E2F}.Debug_SSB|Any CPU.ActiveCfg = Debug|Any CPU
		{9F7E36C4-F05E-4CEE-BE0B-15CC660E7E2F}.Debug_SSB|Any CPU.Build.0 = Debug|Any CPU
		{9F7E36C4-F05E-4CEE-BE0B-15CC660E7E2F}.Debug_SSB|x64.ActiveCfg = Debug|Any CPU
		{9F7E36C4-F05E-4CEE-BE0B-15CC660E7E2F}.Debug_SSB|x64.Build.0 = Debug|Any CPU
		{9F7E36C4-F05E-4CEE-BE0B-15CC660E7E2F}.Debug_SSB|x86.ActiveCfg = Debug|Any CPU
		{9F7E36C4-F05E-4CEE-BE0B-15CC660E7E2F}.Debug_SSB|x86.Build.0 = Debug|Any CPU
		{9F7E36C4-F05E-4CEE-BE0B-15CC660E7E2F}.Debug|Any CPU.ActiveCfg = Debug|Any CPU
		{9F7E36C4-F05E-4CEE-BE0B-15CC660E7E2F}.Debug|Any CPU.Build.0 = Debug|Any CPU
		{9F7E36C4-F05E-4CEE-BE0B-15CC660E7E2F}.Debug|x64.ActiveCfg = Debug|Any CPU
		{9F7E36C4-F05E-4CEE-BE0B-15CC660E7E2F}.Debug|x64.Build.0 = Debug|Any CPU
		{9F7E36C4-F05E-4CEE-BE0B-15CC660E7E2F}.Debug|x86.ActiveCfg = Debug|Any CPU
		{9F7E36C4-F05E-4CEE-BE0B-15CC660E7E2F}.Debug|x86.Build.0 = Debug|Any CPU
		{9F7E36C4-F05E-4CEE-BE0B-15CC660E7E2F}.Release_CSB|Any CPU.ActiveCfg = Release|Any CPU
		{9F7E36C4-F05E-4CEE-BE0B-15CC660E7E2F}.Release_CSB|Any CPU.Build.0 = Release|Any CPU
		{9F7E36C4-F05E-4CEE-BE0B-15CC660E7E2F}.Release_CSB|x64.ActiveCfg = Release|Any CPU
		{9F7E36C4-F05E-4CEE-BE0B-15CC660E7E2F}.Release_CSB|x64.Build.0 = Release|Any CPU
		{9F7E36C4-F05E-4CEE-BE0B-15CC660E7E2F}.Release_CSB|x86.ActiveCfg = Release|Any CPU
		{9F7E36C4-F05E-4CEE-BE0B-15CC660E7E2F}.Release_CSB|x86.Build.0 = Release|Any CPU
		{9F7E36C4-F05E-4CEE-BE0B-15CC660E7E2F}.Release_SSB|Any CPU.ActiveCfg = Release|Any CPU
		{9F7E36C4-F05E-4CEE-BE0B-15CC660E7E2F}.Release_SSB|Any CPU.Build.0 = Release|Any CPU
		{9F7E36C4-F05E-4CEE-BE0B-15CC660E7E2F}.Release_SSB|x64.ActiveCfg = Release|Any CPU
		{9F7E36C4-F05E-4CEE-BE0B-15CC660E7E2F}.Release_SSB|x64.Build.0 = Release|Any CPU
		{9F7E36C4-F05E-4CEE-BE0B-15CC660E7E2F}.Release_SSB|x86.ActiveCfg = Release|Any CPU
		{9F7E36C4-F05E-4CEE-BE0B-15CC660E7E2F}.Release_SSB|x86.Build.0 = Release|Any CPU
		{9F7E36C4-F05E-4CEE-BE0B-15CC660E7E2F}.Release|Any CPU.ActiveCfg = Release|Any CPU
		{9F7E36C4-F05E-4CEE-BE0B-15CC660E7E2F}.Release|Any CPU.Build.0 = Release|Any CPU
		{9F7E36C4-F05E-4CEE-BE0B-15CC660E7E2F}.Release|x64.ActiveCfg = Release|Any CPU
		{9F7E36C4-F05E-4CEE-BE0B-15CC660E7E2F}.Release|x64.Build.0 = Release|Any CPU
		{9F7E36C4-F05E-4CEE-BE0B-15CC660E7E2F}.Release|x86.ActiveCfg = Release|Any CPU
		{9F7E36C4-F05E-4CEE-BE0B-15CC660E7E2F}.Release|x86.Build.0 = Release|Any CPU
	EndGlobalSection
	GlobalSection(SolutionProperties) = preSolution
		HideSolutionNode = FALSE
	EndGlobalSection
	GlobalSection(NestedProjects) = preSolution
		{24EFF7D1-2E8C-4065-8477-055EABD5B124} = {1921F468-24D6-43B8-8274-2C980DF05237}
		{9F7E36C4-F05E-4CEE-BE0B-15CC660E7E2F} = {1921F468-24D6-43B8-8274-2C980DF05237}
	EndGlobalSection
	GlobalSection(ExtensibilityGlobals) = postSolution
		SolutionGuid = {75F45143-A365-4C32-A2D5-56BDADCE76CC}
	EndGlobalSection
EndGlobal
